// !$*UTF8*$!
{
	archiveVersion = 1;
	classes = {
	};
	objectVersion = 46;
	objects = {

/* Begin PBXBuildFile section */
		7B5161581D2E047D00EF29B4 /* Firstdata.m in Sources */ = {isa = PBXBuildFile; fileRef = 7B5161551D2E047D00EF29B4 /* Firstdata.m */; };
		7B5161591D2E047D00EF29B4 /* Model.xcdatamodeld in Sources */ = {isa = PBXBuildFile; fileRef = 7B5161561D2E047D00EF29B4 /* Model.xcdatamodeld */; };
		7B5161961D2E048300EF29B4 /* MagicalImportFunctions.m in Sources */ = {isa = PBXBuildFile; fileRef = 7B51615E1D2E048300EF29B4 /* MagicalImportFunctions.m */; };
		7B5161971D2E048300EF29B4 /* NSAttributeDescription+MagicalDataImport.m in Sources */ = {isa = PBXBuildFile; fileRef = 7B5161601D2E048300EF29B4 /* NSAttributeDescription+MagicalDataImport.m */; };
		7B5161981D2E048300EF29B4 /* NSEntityDescription+MagicalDataImport.m in Sources */ = {isa = PBXBuildFile; fileRef = 7B5161621D2E048300EF29B4 /* NSEntityDescription+MagicalDataImport.m */; };
		7B5161991D2E048300EF29B4 /* NSNumber+MagicalDataImport.m in Sources */ = {isa = PBXBuildFile; fileRef = 7B5161641D2E048300EF29B4 /* NSNumber+MagicalDataImport.m */; };
		7B51619A1D2E048300EF29B4 /* NSObject+MagicalDataImport.m in Sources */ = {isa = PBXBuildFile; fileRef = 7B5161661D2E048300EF29B4 /* NSObject+MagicalDataImport.m */; };
		7B51619B1D2E048300EF29B4 /* NSRelationshipDescription+MagicalDataImport.m in Sources */ = {isa = PBXBuildFile; fileRef = 7B5161681D2E048300EF29B4 /* NSRelationshipDescription+MagicalDataImport.m */; };
		7B51619C1D2E048300EF29B4 /* NSString+MagicalDataImport.m in Sources */ = {isa = PBXBuildFile; fileRef = 7B51616A1D2E048300EF29B4 /* NSString+MagicalDataImport.m */; };
		7B51619D1D2E048300EF29B4 /* NSManagedObject+MagicalAggregation.m in Sources */ = {isa = PBXBuildFile; fileRef = 7B51616D1D2E048300EF29B4 /* NSManagedObject+MagicalAggregation.m */; };
		7B51619E1D2E048300EF29B4 /* NSManagedObject+MagicalDataImport.m in Sources */ = {isa = PBXBuildFile; fileRef = 7B51616F1D2E048300EF29B4 /* NSManagedObject+MagicalDataImport.m */; };
		7B51619F1D2E048300EF29B4 /* NSManagedObject+MagicalFinders.m in Sources */ = {isa = PBXBuildFile; fileRef = 7B5161711D2E048300EF29B4 /* NSManagedObject+MagicalFinders.m */; };
		7B5161A01D2E048300EF29B4 /* NSManagedObject+MagicalRecord.m in Sources */ = {isa = PBXBuildFile; fileRef = 7B5161731D2E048300EF29B4 /* NSManagedObject+MagicalRecord.m */; };
		7B5161A11D2E048300EF29B4 /* NSManagedObject+MagicalRequests.m in Sources */ = {isa = PBXBuildFile; fileRef = 7B5161751D2E048300EF29B4 /* NSManagedObject+MagicalRequests.m */; };
		7B5161A21D2E048300EF29B4 /* NSManagedObjectContext+MagicalObserving.m in Sources */ = {isa = PBXBuildFile; fileRef = 7B5161781D2E048300EF29B4 /* NSManagedObjectContext+MagicalObserving.m */; };
		7B5161A31D2E048300EF29B4 /* NSManagedObjectContext+MagicalRecord.m in Sources */ = {isa = PBXBuildFile; fileRef = 7B51617A1D2E048300EF29B4 /* NSManagedObjectContext+MagicalRecord.m */; };
		7B5161A41D2E048300EF29B4 /* NSManagedObjectContext+MagicalSaves.m in Sources */ = {isa = PBXBuildFile; fileRef = 7B51617C1D2E048300EF29B4 /* NSManagedObjectContext+MagicalSaves.m */; };
		7B5161A51D2E048300EF29B4 /* NSManagedObjectContext+MagicalThreading.m in Sources */ = {isa = PBXBuildFile; fileRef = 7B51617E1D2E048300EF29B4 /* NSManagedObjectContext+MagicalThreading.m */; };
		7B5161A61D2E048300EF29B4 /* NSManagedObjectModel+MagicalRecord.m in Sources */ = {isa = PBXBuildFile; fileRef = 7B5161801D2E048300EF29B4 /* NSManagedObjectModel+MagicalRecord.m */; };
		7B5161A71D2E048300EF29B4 /* NSPersistentStore+MagicalRecord.m in Sources */ = {isa = PBXBuildFile; fileRef = 7B5161821D2E048300EF29B4 /* NSPersistentStore+MagicalRecord.m */; };
		7B5161A81D2E048300EF29B4 /* NSPersistentStoreCoordinator+MagicalRecord.m in Sources */ = {isa = PBXBuildFile; fileRef = 7B5161841D2E048300EF29B4 /* NSPersistentStoreCoordinator+MagicalRecord.m */; };
		7B5161A91D2E048300EF29B4 /* MagicalRecord+Actions.m in Sources */ = {isa = PBXBuildFile; fileRef = 7B5161871D2E048300EF29B4 /* MagicalRecord+Actions.m */; };
		7B5161AA1D2E048300EF29B4 /* MagicalRecord+ErrorHandling.m in Sources */ = {isa = PBXBuildFile; fileRef = 7B5161891D2E048300EF29B4 /* MagicalRecord+ErrorHandling.m */; };
		7B5161AB1D2E048300EF29B4 /* MagicalRecord+iCloud.m in Sources */ = {isa = PBXBuildFile; fileRef = 7B51618B1D2E048300EF29B4 /* MagicalRecord+iCloud.m */; };
		7B5161AC1D2E048300EF29B4 /* MagicalRecord+Options.m in Sources */ = {isa = PBXBuildFile; fileRef = 7B51618D1D2E048300EF29B4 /* MagicalRecord+Options.m */; };
		7B5161AD1D2E048300EF29B4 /* MagicalRecord+Setup.m in Sources */ = {isa = PBXBuildFile; fileRef = 7B51618F1D2E048300EF29B4 /* MagicalRecord+Setup.m */; };
		7B5161AE1D2E048300EF29B4 /* MagicalRecord+ShorthandSupport.m in Sources */ = {isa = PBXBuildFile; fileRef = 7B5161911D2E048300EF29B4 /* MagicalRecord+ShorthandSupport.m */; };
		7B5161AF1D2E048300EF29B4 /* MagicalRecord.m in Sources */ = {isa = PBXBuildFile; fileRef = 7B5161931D2E048300EF29B4 /* MagicalRecord.m */; };
		7B5161B21D2E057100EF29B4 /* NSString+CSJSSLTool.m in Sources */ = {isa = PBXBuildFile; fileRef = 7B5161B11D2E057100EF29B4 /* NSString+CSJSSLTool.m */; };
		B00D74DB18B8F0C500BA3BD9 /* CSJ_CoredataTableViewController.m in Sources */ = {isa = PBXBuildFile; fileRef = B00D74DA18B8F0C500BA3BD9 /* CSJ_CoredataTableViewController.m */; };
		B00D74DE18B8F3CD00BA3BD9 /* CSJ_NavGestureViewController.m in Sources */ = {isa = PBXBuildFile; fileRef = B00D74DD18B8F3CD00BA3BD9 /* CSJ_NavGestureViewController.m */; };
		B00D74E118B9072A00BA3BD9 /* SecondViewController.m in Sources */ = {isa = PBXBuildFile; fileRef = B00D74E018B9072A00BA3BD9 /* SecondViewController.m */; };
		B026417018A3FB4900012D04 /* Foundation.framework in Frameworks */ = {isa = PBXBuildFile; fileRef = B026416F18A3FB4900012D04 /* Foundation.framework */; };
		B026417218A3FB4900012D04 /* CoreGraphics.framework in Frameworks */ = {isa = PBXBuildFile; fileRef = B026417118A3FB4900012D04 /* CoreGraphics.framework */; };
		B026417418A3FB4900012D04 /* UIKit.framework in Frameworks */ = {isa = PBXBuildFile; fileRef = B026417318A3FB4900012D04 /* UIKit.framework */; };
		B026417A18A3FB4900012D04 /* InfoPlist.strings in Resources */ = {isa = PBXBuildFile; fileRef = B026417818A3FB4900012D04 /* InfoPlist.strings */; };
		B026417C18A3FB4900012D04 /* main.m in Sources */ = {isa = PBXBuildFile; fileRef = B026417B18A3FB4900012D04 /* main.m */; };
		B026418018A3FB4900012D04 /* AppDelegate.m in Sources */ = {isa = PBXBuildFile; fileRef = B026417F18A3FB4900012D04 /* AppDelegate.m */; };
		B026418318A3FB4900012D04 /* Main.storyboard in Resources */ = {isa = PBXBuildFile; fileRef = B026418118A3FB4900012D04 /* Main.storyboard */; };
		B026418618A3FB4900012D04 /* ViewController.m in Sources */ = {isa = PBXBuildFile; fileRef = B026418518A3FB4900012D04 /* ViewController.m */; };
		B026418818A3FB4900012D04 /* Images.xcassets in Resources */ = {isa = PBXBuildFile; fileRef = B026418718A3FB4900012D04 /* Images.xcassets */; };
		B026418F18A3FB4900012D04 /* XCTest.framework in Frameworks */ = {isa = PBXBuildFile; fileRef = B026418E18A3FB4900012D04 /* XCTest.framework */; };
		B026419018A3FB4900012D04 /* Foundation.framework in Frameworks */ = {isa = PBXBuildFile; fileRef = B026416F18A3FB4900012D04 /* Foundation.framework */; };
		B026419118A3FB4900012D04 /* UIKit.framework in Frameworks */ = {isa = PBXBuildFile; fileRef = B026417318A3FB4900012D04 /* UIKit.framework */; };
		B026419918A3FB4900012D04 /* InfoPlist.strings in Resources */ = {isa = PBXBuildFile; fileRef = B026419718A3FB4900012D04 /* InfoPlist.strings */; };
		B026419B18A3FB4900012D04 /* CSJToolsDemoTests.m in Sources */ = {isa = PBXBuildFile; fileRef = B026419A18A3FB4900012D04 /* CSJToolsDemoTests.m */; };
		B070135318A514A300FACF7D /* CSJBase64.m in Sources */ = {isa = PBXBuildFile; fileRef = B070134618A514A300FACF7D /* CSJBase64.m */; };
		B070135418A514A300FACF7D /* CSJDate.m in Sources */ = {isa = PBXBuildFile; fileRef = B070134818A514A300FACF7D /* CSJDate.m */; };
		B070135518A514A300FACF7D /* CSJDES.m in Sources */ = {isa = PBXBuildFile; fileRef = B070134A18A514A300FACF7D /* CSJDES.m */; };
		B070135618A514A300FACF7D /* CSJMD5.m in Sources */ = {isa = PBXBuildFile; fileRef = B070134E18A514A300FACF7D /* CSJMD5.m */; };
		B070135718A514A300FACF7D /* CSJString.m in Sources */ = {isa = PBXBuildFile; fileRef = B070135018A514A300FACF7D /* CSJString.m */; };
		B070135818A514A300FACF7D /* CSJURL.m in Sources */ = {isa = PBXBuildFile; fileRef = B070135218A514A300FACF7D /* CSJURL.m */; };
		B0A6AF6F1D2E2F31005479D3 /* Reachability.m in Sources */ = {isa = PBXBuildFile; fileRef = B0A6AF6E1D2E2F31005479D3 /* Reachability.m */; };
		B0DCB94F18C1A20600A237A2 /* CSJToolKit.m in Sources */ = {isa = PBXBuildFile; fileRef = B0DCB94E18C1A20600A237A2 /* CSJToolKit.m */; };
		B0F0551C193B3B1F00835E42 /* CoreData.framework in Frameworks */ = {isa = PBXBuildFile; fileRef = B0F0551B193B3B1F00835E42 /* CoreData.framework */; };
		B0F05526193B3FD100835E42 /* FirstViewController.m in Sources */ = {isa = PBXBuildFile; fileRef = B0F05525193B3FD100835E42 /* FirstViewController.m */; };
/* End PBXBuildFile section */

/* Begin PBXContainerItemProxy section */
		B026419218A3FB4900012D04 /* PBXContainerItemProxy */ = {
			isa = PBXContainerItemProxy;
			containerPortal = B026416418A3FB4900012D04 /* Project object */;
			proxyType = 1;
			remoteGlobalIDString = B026416B18A3FB4900012D04;
			remoteInfo = CSJToolsDemo;
		};
/* End PBXContainerItemProxy section */

/* Begin PBXFileReference section */
		7B5161541D2E047D00EF29B4 /* Firstdata.h */ = {isa = PBXFileReference; fileEncoding = 4; lastKnownFileType = sourcecode.c.h; path = Firstdata.h; sourceTree = "<group>"; };
		7B5161551D2E047D00EF29B4 /* Firstdata.m */ = {isa = PBXFileReference; fileEncoding = 4; lastKnownFileType = sourcecode.c.objc; path = Firstdata.m; sourceTree = "<group>"; };
		7B5161571D2E047D00EF29B4 /* Model.xcdatamodel */ = {isa = PBXFileReference; lastKnownFileType = wrapper.xcdatamodel; path = Model.xcdatamodel; sourceTree = "<group>"; };
		7B51615D1D2E048300EF29B4 /* MagicalImportFunctions.h */ = {isa = PBXFileReference; fileEncoding = 4; lastKnownFileType = sourcecode.c.h; path = MagicalImportFunctions.h; sourceTree = "<group>"; };
		7B51615E1D2E048300EF29B4 /* MagicalImportFunctions.m */ = {isa = PBXFileReference; fileEncoding = 4; lastKnownFileType = sourcecode.c.objc; path = MagicalImportFunctions.m; sourceTree = "<group>"; };
		7B51615F1D2E048300EF29B4 /* NSAttributeDescription+MagicalDataImport.h */ = {isa = PBXFileReference; fileEncoding = 4; lastKnownFileType = sourcecode.c.h; path = "NSAttributeDescription+MagicalDataImport.h"; sourceTree = "<group>"; };
		7B5161601D2E048300EF29B4 /* NSAttributeDescription+MagicalDataImport.m */ = {isa = PBXFileReference; fileEncoding = 4; lastKnownFileType = sourcecode.c.objc; path = "NSAttributeDescription+MagicalDataImport.m"; sourceTree = "<group>"; };
		7B5161611D2E048300EF29B4 /* NSEntityDescription+MagicalDataImport.h */ = {isa = PBXFileReference; fileEncoding = 4; lastKnownFileType = sourcecode.c.h; path = "NSEntityDescription+MagicalDataImport.h"; sourceTree = "<group>"; };
		7B5161621D2E048300EF29B4 /* NSEntityDescription+MagicalDataImport.m */ = {isa = PBXFileReference; fileEncoding = 4; lastKnownFileType = sourcecode.c.objc; path = "NSEntityDescription+MagicalDataImport.m"; sourceTree = "<group>"; };
		7B5161631D2E048300EF29B4 /* NSNumber+MagicalDataImport.h */ = {isa = PBXFileReference; fileEncoding = 4; lastKnownFileType = sourcecode.c.h; path = "NSNumber+MagicalDataImport.h"; sourceTree = "<group>"; };
		7B5161641D2E048300EF29B4 /* NSNumber+MagicalDataImport.m */ = {isa = PBXFileReference; fileEncoding = 4; lastKnownFileType = sourcecode.c.objc; path = "NSNumber+MagicalDataImport.m"; sourceTree = "<group>"; };
		7B5161651D2E048300EF29B4 /* NSObject+MagicalDataImport.h */ = {isa = PBXFileReference; fileEncoding = 4; lastKnownFileType = sourcecode.c.h; path = "NSObject+MagicalDataImport.h"; sourceTree = "<group>"; };
		7B5161661D2E048300EF29B4 /* NSObject+MagicalDataImport.m */ = {isa = PBXFileReference; fileEncoding = 4; lastKnownFileType = sourcecode.c.objc; path = "NSObject+MagicalDataImport.m"; sourceTree = "<group>"; };
		7B5161671D2E048300EF29B4 /* NSRelationshipDescription+MagicalDataImport.h */ = {isa = PBXFileReference; fileEncoding = 4; lastKnownFileType = sourcecode.c.h; path = "NSRelationshipDescription+MagicalDataImport.h"; sourceTree = "<group>"; };
		7B5161681D2E048300EF29B4 /* NSRelationshipDescription+MagicalDataImport.m */ = {isa = PBXFileReference; fileEncoding = 4; lastKnownFileType = sourcecode.c.objc; path = "NSRelationshipDescription+MagicalDataImport.m"; sourceTree = "<group>"; };
		7B5161691D2E048300EF29B4 /* NSString+MagicalDataImport.h */ = {isa = PBXFileReference; fileEncoding = 4; lastKnownFileType = sourcecode.c.h; path = "NSString+MagicalDataImport.h"; sourceTree = "<group>"; };
		7B51616A1D2E048300EF29B4 /* NSString+MagicalDataImport.m */ = {isa = PBXFileReference; fileEncoding = 4; lastKnownFileType = sourcecode.c.objc; path = "NSString+MagicalDataImport.m"; sourceTree = "<group>"; };
		7B51616C1D2E048300EF29B4 /* NSManagedObject+MagicalAggregation.h */ = {isa = PBXFileReference; fileEncoding = 4; lastKnownFileType = sourcecode.c.h; path = "NSManagedObject+MagicalAggregation.h"; sourceTree = "<group>"; };
		7B51616D1D2E048300EF29B4 /* NSManagedObject+MagicalAggregation.m */ = {isa = PBXFileReference; fileEncoding = 4; lastKnownFileType = sourcecode.c.objc; path = "NSManagedObject+MagicalAggregation.m"; sourceTree = "<group>"; };
		7B51616E1D2E048300EF29B4 /* NSManagedObject+MagicalDataImport.h */ = {isa = PBXFileReference; fileEncoding = 4; lastKnownFileType = sourcecode.c.h; path = "NSManagedObject+MagicalDataImport.h"; sourceTree = "<group>"; };
		7B51616F1D2E048300EF29B4 /* NSManagedObject+MagicalDataImport.m */ = {isa = PBXFileReference; fileEncoding = 4; lastKnownFileType = sourcecode.c.objc; path = "NSManagedObject+MagicalDataImport.m"; sourceTree = "<group>"; };
		7B5161701D2E048300EF29B4 /* NSManagedObject+MagicalFinders.h */ = {isa = PBXFileReference; fileEncoding = 4; lastKnownFileType = sourcecode.c.h; path = "NSManagedObject+MagicalFinders.h"; sourceTree = "<group>"; };
		7B5161711D2E048300EF29B4 /* NSManagedObject+MagicalFinders.m */ = {isa = PBXFileReference; fileEncoding = 4; lastKnownFileType = sourcecode.c.objc; path = "NSManagedObject+MagicalFinders.m"; sourceTree = "<group>"; };
		7B5161721D2E048300EF29B4 /* NSManagedObject+MagicalRecord.h */ = {isa = PBXFileReference; fileEncoding = 4; lastKnownFileType = sourcecode.c.h; path = "NSManagedObject+MagicalRecord.h"; sourceTree = "<group>"; };
		7B5161731D2E048300EF29B4 /* NSManagedObject+MagicalRecord.m */ = {isa = PBXFileReference; fileEncoding = 4; lastKnownFileType = sourcecode.c.objc; path = "NSManagedObject+MagicalRecord.m"; sourceTree = "<group>"; };
		7B5161741D2E048300EF29B4 /* NSManagedObject+MagicalRequests.h */ = {isa = PBXFileReference; fileEncoding = 4; lastKnownFileType = sourcecode.c.h; path = "NSManagedObject+MagicalRequests.h"; sourceTree = "<group>"; };
		7B5161751D2E048300EF29B4 /* NSManagedObject+MagicalRequests.m */ = {isa = PBXFileReference; fileEncoding = 4; lastKnownFileType = sourcecode.c.objc; path = "NSManagedObject+MagicalRequests.m"; sourceTree = "<group>"; };
		7B5161771D2E048300EF29B4 /* NSManagedObjectContext+MagicalObserving.h */ = {isa = PBXFileReference; fileEncoding = 4; lastKnownFileType = sourcecode.c.h; path = "NSManagedObjectContext+MagicalObserving.h"; sourceTree = "<group>"; };
		7B5161781D2E048300EF29B4 /* NSManagedObjectContext+MagicalObserving.m */ = {isa = PBXFileReference; fileEncoding = 4; lastKnownFileType = sourcecode.c.objc; path = "NSManagedObjectContext+MagicalObserving.m"; sourceTree = "<group>"; };
		7B5161791D2E048300EF29B4 /* NSManagedObjectContext+MagicalRecord.h */ = {isa = PBXFileReference; fileEncoding = 4; lastKnownFileType = sourcecode.c.h; path = "NSManagedObjectContext+MagicalRecord.h"; sourceTree = "<group>"; };
		7B51617A1D2E048300EF29B4 /* NSManagedObjectContext+MagicalRecord.m */ = {isa = PBXFileReference; fileEncoding = 4; lastKnownFileType = sourcecode.c.objc; path = "NSManagedObjectContext+MagicalRecord.m"; sourceTree = "<group>"; };
		7B51617B1D2E048300EF29B4 /* NSManagedObjectContext+MagicalSaves.h */ = {isa = PBXFileReference; fileEncoding = 4; lastKnownFileType = sourcecode.c.h; path = "NSManagedObjectContext+MagicalSaves.h"; sourceTree = "<group>"; };
		7B51617C1D2E048300EF29B4 /* NSManagedObjectContext+MagicalSaves.m */ = {isa = PBXFileReference; fileEncoding = 4; lastKnownFileType = sourcecode.c.objc; path = "NSManagedObjectContext+MagicalSaves.m"; sourceTree = "<group>"; };
		7B51617D1D2E048300EF29B4 /* NSManagedObjectContext+MagicalThreading.h */ = {isa = PBXFileReference; fileEncoding = 4; lastKnownFileType = sourcecode.c.h; path = "NSManagedObjectContext+MagicalThreading.h"; sourceTree = "<group>"; };
		7B51617E1D2E048300EF29B4 /* NSManagedObjectContext+MagicalThreading.m */ = {isa = PBXFileReference; fileEncoding = 4; lastKnownFileType = sourcecode.c.objc; path = "NSManagedObjectContext+MagicalThreading.m"; sourceTree = "<group>"; };
		7B51617F1D2E048300EF29B4 /* NSManagedObjectModel+MagicalRecord.h */ = {isa = PBXFileReference; fileEncoding = 4; lastKnownFileType = sourcecode.c.h; path = "NSManagedObjectModel+MagicalRecord.h"; sourceTree = "<group>"; };
		7B5161801D2E048300EF29B4 /* NSManagedObjectModel+MagicalRecord.m */ = {isa = PBXFileReference; fileEncoding = 4; lastKnownFileType = sourcecode.c.objc; path = "NSManagedObjectModel+MagicalRecord.m"; sourceTree = "<group>"; };
		7B5161811D2E048300EF29B4 /* NSPersistentStore+MagicalRecord.h */ = {isa = PBXFileReference; fileEncoding = 4; lastKnownFileType = sourcecode.c.h; path = "NSPersistentStore+MagicalRecord.h"; sourceTree = "<group>"; };
		7B5161821D2E048300EF29B4 /* NSPersistentStore+MagicalRecord.m */ = {isa = PBXFileReference; fileEncoding = 4; lastKnownFileType = sourcecode.c.objc; path = "NSPersistentStore+MagicalRecord.m"; sourceTree = "<group>"; };
		7B5161831D2E048300EF29B4 /* NSPersistentStoreCoordinator+MagicalRecord.h */ = {isa = PBXFileReference; fileEncoding = 4; lastKnownFileType = sourcecode.c.h; path = "NSPersistentStoreCoordinator+MagicalRecord.h"; sourceTree = "<group>"; };
		7B5161841D2E048300EF29B4 /* NSPersistentStoreCoordinator+MagicalRecord.m */ = {isa = PBXFileReference; fileEncoding = 4; lastKnownFileType = sourcecode.c.objc; path = "NSPersistentStoreCoordinator+MagicalRecord.m"; sourceTree = "<group>"; };
		7B5161861D2E048300EF29B4 /* MagicalRecord+Actions.h */ = {isa = PBXFileReference; fileEncoding = 4; lastKnownFileType = sourcecode.c.h; path = "MagicalRecord+Actions.h"; sourceTree = "<group>"; };
		7B5161871D2E048300EF29B4 /* MagicalRecord+Actions.m */ = {isa = PBXFileReference; fileEncoding = 4; lastKnownFileType = sourcecode.c.objc; path = "MagicalRecord+Actions.m"; sourceTree = "<group>"; };
		7B5161881D2E048300EF29B4 /* MagicalRecord+ErrorHandling.h */ = {isa = PBXFileReference; fileEncoding = 4; lastKnownFileType = sourcecode.c.h; path = "MagicalRecord+ErrorHandling.h"; sourceTree = "<group>"; };
		7B5161891D2E048300EF29B4 /* MagicalRecord+ErrorHandling.m */ = {isa = PBXFileReference; fileEncoding = 4; lastKnownFileType = sourcecode.c.objc; path = "MagicalRecord+ErrorHandling.m"; sourceTree = "<group>"; };
		7B51618A1D2E048300EF29B4 /* MagicalRecord+iCloud.h */ = {isa = PBXFileReference; fileEncoding = 4; lastKnownFileType = sourcecode.c.h; path = "MagicalRecord+iCloud.h"; sourceTree = "<group>"; };
		7B51618B1D2E048300EF29B4 /* MagicalRecord+iCloud.m */ = {isa = PBXFileReference; fileEncoding = 4; lastKnownFileType = sourcecode.c.objc; path = "MagicalRecord+iCloud.m"; sourceTree = "<group>"; };
		7B51618C1D2E048300EF29B4 /* MagicalRecord+Options.h */ = {isa = PBXFileReference; fileEncoding = 4; lastKnownFileType = sourcecode.c.h; path = "MagicalRecord+Options.h"; sourceTree = "<group>"; };
		7B51618D1D2E048300EF29B4 /* MagicalRecord+Options.m */ = {isa = PBXFileReference; fileEncoding = 4; lastKnownFileType = sourcecode.c.objc; path = "MagicalRecord+Options.m"; sourceTree = "<group>"; };
		7B51618E1D2E048300EF29B4 /* MagicalRecord+Setup.h */ = {isa = PBXFileReference; fileEncoding = 4; lastKnownFileType = sourcecode.c.h; path = "MagicalRecord+Setup.h"; sourceTree = "<group>"; };
		7B51618F1D2E048300EF29B4 /* MagicalRecord+Setup.m */ = {isa = PBXFileReference; fileEncoding = 4; lastKnownFileType = sourcecode.c.objc; path = "MagicalRecord+Setup.m"; sourceTree = "<group>"; };
		7B5161901D2E048300EF29B4 /* MagicalRecord+ShorthandSupport.h */ = {isa = PBXFileReference; fileEncoding = 4; lastKnownFileType = sourcecode.c.h; path = "MagicalRecord+ShorthandSupport.h"; sourceTree = "<group>"; };
		7B5161911D2E048300EF29B4 /* MagicalRecord+ShorthandSupport.m */ = {isa = PBXFileReference; fileEncoding = 4; lastKnownFileType = sourcecode.c.objc; path = "MagicalRecord+ShorthandSupport.m"; sourceTree = "<group>"; };
		7B5161921D2E048300EF29B4 /* MagicalRecord.h */ = {isa = PBXFileReference; fileEncoding = 4; lastKnownFileType = sourcecode.c.h; path = MagicalRecord.h; sourceTree = "<group>"; };
		7B5161931D2E048300EF29B4 /* MagicalRecord.m */ = {isa = PBXFileReference; fileEncoding = 4; lastKnownFileType = sourcecode.c.objc; path = MagicalRecord.m; sourceTree = "<group>"; };
		7B5161941D2E048300EF29B4 /* MagicalRecordShorthand.h */ = {isa = PBXFileReference; fileEncoding = 4; lastKnownFileType = sourcecode.c.h; path = MagicalRecordShorthand.h; sourceTree = "<group>"; };
		7B5161951D2E048300EF29B4 /* CoreData+MagicalRecord.h */ = {isa = PBXFileReference; fileEncoding = 4; lastKnownFileType = sourcecode.c.h; path = "CoreData+MagicalRecord.h"; sourceTree = "<group>"; };
		7B5161B01D2E057100EF29B4 /* NSString+CSJSSLTool.h */ = {isa = PBXFileReference; fileEncoding = 4; lastKnownFileType = sourcecode.c.h; path = "NSString+CSJSSLTool.h"; sourceTree = "<group>"; };
		7B5161B11D2E057100EF29B4 /* NSString+CSJSSLTool.m */ = {isa = PBXFileReference; fileEncoding = 4; lastKnownFileType = sourcecode.c.objc; path = "NSString+CSJSSLTool.m"; sourceTree = "<group>"; };
		B00D74D918B8F0C500BA3BD9 /* CSJ_CoredataTableViewController.h */ = {isa = PBXFileReference; fileEncoding = 4; lastKnownFileType = sourcecode.c.h; path = CSJ_CoredataTableViewController.h; sourceTree = "<group>"; };
		B00D74DA18B8F0C500BA3BD9 /* CSJ_CoredataTableViewController.m */ = {isa = PBXFileReference; fileEncoding = 4; lastKnownFileType = sourcecode.c.objc; path = CSJ_CoredataTableViewController.m; sourceTree = "<group>"; };
		B00D74DC18B8F3CD00BA3BD9 /* CSJ_NavGestureViewController.h */ = {isa = PBXFileReference; fileEncoding = 4; lastKnownFileType = sourcecode.c.h; path = CSJ_NavGestureViewController.h; sourceTree = "<group>"; };
		B00D74DD18B8F3CD00BA3BD9 /* CSJ_NavGestureViewController.m */ = {isa = PBXFileReference; fileEncoding = 4; lastKnownFileType = sourcecode.c.objc; path = CSJ_NavGestureViewController.m; sourceTree = "<group>"; };
		B00D74DF18B9072A00BA3BD9 /* SecondViewController.h */ = {isa = PBXFileReference; fileEncoding = 4; lastKnownFileType = sourcecode.c.h; path = SecondViewController.h; sourceTree = "<group>"; };
		B00D74E018B9072A00BA3BD9 /* SecondViewController.m */ = {isa = PBXFileReference; fileEncoding = 4; lastKnownFileType = sourcecode.c.objc; path = SecondViewController.m; sourceTree = "<group>"; };
		B026416C18A3FB4900012D04 /* CSJToolsDemo.app */ = {isa = PBXFileReference; explicitFileType = wrapper.application; includeInIndex = 0; path = CSJToolsDemo.app; sourceTree = BUILT_PRODUCTS_DIR; };
		B026416F18A3FB4900012D04 /* Foundation.framework */ = {isa = PBXFileReference; lastKnownFileType = wrapper.framework; name = Foundation.framework; path = System/Library/Frameworks/Foundation.framework; sourceTree = SDKROOT; };
		B026417118A3FB4900012D04 /* CoreGraphics.framework */ = {isa = PBXFileReference; lastKnownFileType = wrapper.framework; name = CoreGraphics.framework; path = System/Library/Frameworks/CoreGraphics.framework; sourceTree = SDKROOT; };
		B026417318A3FB4900012D04 /* UIKit.framework */ = {isa = PBXFileReference; lastKnownFileType = wrapper.framework; name = UIKit.framework; path = System/Library/Frameworks/UIKit.framework; sourceTree = SDKROOT; };
		B026417718A3FB4900012D04 /* CSJToolsDemo-Info.plist */ = {isa = PBXFileReference; lastKnownFileType = text.plist.xml; path = "CSJToolsDemo-Info.plist"; sourceTree = "<group>"; };
		B026417918A3FB4900012D04 /* en */ = {isa = PBXFileReference; lastKnownFileType = text.plist.strings; name = en; path = en.lproj/InfoPlist.strings; sourceTree = "<group>"; };
		B026417B18A3FB4900012D04 /* main.m */ = {isa = PBXFileReference; lastKnownFileType = sourcecode.c.objc; path = main.m; sourceTree = "<group>"; };
		B026417D18A3FB4900012D04 /* CSJToolsDemo-Prefix.pch */ = {isa = PBXFileReference; lastKnownFileType = sourcecode.c.h; path = "CSJToolsDemo-Prefix.pch"; sourceTree = "<group>"; };
		B026417E18A3FB4900012D04 /* AppDelegate.h */ = {isa = PBXFileReference; lastKnownFileType = sourcecode.c.h; path = AppDelegate.h; sourceTree = "<group>"; };
		B026417F18A3FB4900012D04 /* AppDelegate.m */ = {isa = PBXFileReference; lastKnownFileType = sourcecode.c.objc; path = AppDelegate.m; sourceTree = "<group>"; };
		B026418218A3FB4900012D04 /* Base */ = {isa = PBXFileReference; lastKnownFileType = file.storyboard; name = Base; path = Base.lproj/Main.storyboard; sourceTree = "<group>"; };
		B026418418A3FB4900012D04 /* ViewController.h */ = {isa = PBXFileReference; lastKnownFileType = sourcecode.c.h; path = ViewController.h; sourceTree = "<group>"; };
		B026418518A3FB4900012D04 /* ViewController.m */ = {isa = PBXFileReference; lastKnownFileType = sourcecode.c.objc; path = ViewController.m; sourceTree = "<group>"; };
		B026418718A3FB4900012D04 /* Images.xcassets */ = {isa = PBXFileReference; lastKnownFileType = folder.assetcatalog; path = Images.xcassets; sourceTree = "<group>"; };
		B026418D18A3FB4900012D04 /* CSJToolsDemoTests.xctest */ = {isa = PBXFileReference; explicitFileType = wrapper.cfbundle; includeInIndex = 0; path = CSJToolsDemoTests.xctest; sourceTree = BUILT_PRODUCTS_DIR; };
		B026418E18A3FB4900012D04 /* XCTest.framework */ = {isa = PBXFileReference; lastKnownFileType = wrapper.framework; name = XCTest.framework; path = Library/Frameworks/XCTest.framework; sourceTree = DEVELOPER_DIR; };
		B026419618A3FB4900012D04 /* CSJToolsDemoTests-Info.plist */ = {isa = PBXFileReference; lastKnownFileType = text.plist.xml; path = "CSJToolsDemoTests-Info.plist"; sourceTree = "<group>"; };
		B026419818A3FB4900012D04 /* en */ = {isa = PBXFileReference; lastKnownFileType = text.plist.strings; name = en; path = en.lproj/InfoPlist.strings; sourceTree = "<group>"; };
		B026419A18A3FB4900012D04 /* CSJToolsDemoTests.m */ = {isa = PBXFileReference; lastKnownFileType = sourcecode.c.objc; path = CSJToolsDemoTests.m; sourceTree = "<group>"; };
		B070134518A514A300FACF7D /* CSJBase64.h */ = {isa = PBXFileReference; fileEncoding = 4; lastKnownFileType = sourcecode.c.h; path = CSJBase64.h; sourceTree = "<group>"; };
		B070134618A514A300FACF7D /* CSJBase64.m */ = {isa = PBXFileReference; fileEncoding = 4; lastKnownFileType = sourcecode.c.objc; path = CSJBase64.m; sourceTree = "<group>"; };
		B070134718A514A300FACF7D /* CSJDate.h */ = {isa = PBXFileReference; fileEncoding = 4; lastKnownFileType = sourcecode.c.h; path = CSJDate.h; sourceTree = "<group>"; };
		B070134818A514A300FACF7D /* CSJDate.m */ = {isa = PBXFileReference; fileEncoding = 4; lastKnownFileType = sourcecode.c.objc; path = CSJDate.m; sourceTree = "<group>"; };
		B070134918A514A300FACF7D /* CSJDES.h */ = {isa = PBXFileReference; fileEncoding = 4; lastKnownFileType = sourcecode.c.h; path = CSJDES.h; sourceTree = "<group>"; };
		B070134A18A514A300FACF7D /* CSJDES.m */ = {isa = PBXFileReference; fileEncoding = 4; lastKnownFileType = sourcecode.c.objc; path = CSJDES.m; sourceTree = "<group>"; };
		B070134B18A514A300FACF7D /* CSJLog.h */ = {isa = PBXFileReference; fileEncoding = 4; lastKnownFileType = sourcecode.c.h; path = CSJLog.h; sourceTree = "<group>"; };
		B070134C18A514A300FACF7D /* CSJMaster.h */ = {isa = PBXFileReference; fileEncoding = 4; lastKnownFileType = sourcecode.c.h; path = CSJMaster.h; sourceTree = "<group>"; };
		B070134D18A514A300FACF7D /* CSJMD5.h */ = {isa = PBXFileReference; fileEncoding = 4; lastKnownFileType = sourcecode.c.h; path = CSJMD5.h; sourceTree = "<group>"; };
		B070134E18A514A300FACF7D /* CSJMD5.m */ = {isa = PBXFileReference; fileEncoding = 4; lastKnownFileType = sourcecode.c.objc; path = CSJMD5.m; sourceTree = "<group>"; };
		B070134F18A514A300FACF7D /* CSJString.h */ = {isa = PBXFileReference; fileEncoding = 4; lastKnownFileType = sourcecode.c.h; path = CSJString.h; sourceTree = "<group>"; };
		B070135018A514A300FACF7D /* CSJString.m */ = {isa = PBXFileReference; fileEncoding = 4; lastKnownFileType = sourcecode.c.objc; path = CSJString.m; sourceTree = "<group>"; };
		B070135118A514A300FACF7D /* CSJURL.h */ = {isa = PBXFileReference; fileEncoding = 4; lastKnownFileType = sourcecode.c.h; path = CSJURL.h; sourceTree = "<group>"; };
		B070135218A514A300FACF7D /* CSJURL.m */ = {isa = PBXFileReference; fileEncoding = 4; lastKnownFileType = sourcecode.c.objc; path = CSJURL.m; sourceTree = "<group>"; };
		B0A6AF6D1D2E2F31005479D3 /* Reachability.h */ = {isa = PBXFileReference; fileEncoding = 4; lastKnownFileType = sourcecode.c.h; path = Reachability.h; sourceTree = "<group>"; };
		B0A6AF6E1D2E2F31005479D3 /* Reachability.m */ = {isa = PBXFileReference; fileEncoding = 4; lastKnownFileType = sourcecode.c.objc; path = Reachability.m; sourceTree = "<group>"; };
		B0DCB94D18C1A20600A237A2 /* CSJToolKit.h */ = {isa = PBXFileReference; fileEncoding = 4; lastKnownFileType = sourcecode.c.h; path = CSJToolKit.h; sourceTree = "<group>"; };
		B0DCB94E18C1A20600A237A2 /* CSJToolKit.m */ = {isa = PBXFileReference; fileEncoding = 4; lastKnownFileType = sourcecode.c.objc; path = CSJToolKit.m; sourceTree = "<group>"; };
		B0F0551B193B3B1F00835E42 /* CoreData.framework */ = {isa = PBXFileReference; lastKnownFileType = wrapper.framework; name = CoreData.framework; path = System/Library/Frameworks/CoreData.framework; sourceTree = SDKROOT; };
		B0F05524193B3FD100835E42 /* FirstViewController.h */ = {isa = PBXFileReference; fileEncoding = 4; lastKnownFileType = sourcecode.c.h; path = FirstViewController.h; sourceTree = "<group>"; };
		B0F05525193B3FD100835E42 /* FirstViewController.m */ = {isa = PBXFileReference; fileEncoding = 4; lastKnownFileType = sourcecode.c.objc; path = FirstViewController.m; sourceTree = "<group>"; };
/* End PBXFileReference section */

/* Begin PBXFrameworksBuildPhase section */
		B026416918A3FB4900012D04 /* Frameworks */ = {
			isa = PBXFrameworksBuildPhase;
			buildActionMask = 2147483647;
			files = (
				B0F0551C193B3B1F00835E42 /* CoreData.framework in Frameworks */,
				B026417218A3FB4900012D04 /* CoreGraphics.framework in Frameworks */,
				B026417418A3FB4900012D04 /* UIKit.framework in Frameworks */,
				B026417018A3FB4900012D04 /* Foundation.framework in Frameworks */,
			);
			runOnlyForDeploymentPostprocessing = 0;
		};
		B026418A18A3FB4900012D04 /* Frameworks */ = {
			isa = PBXFrameworksBuildPhase;
			buildActionMask = 2147483647;
			files = (
				B026418F18A3FB4900012D04 /* XCTest.framework in Frameworks */,
				B026419118A3FB4900012D04 /* UIKit.framework in Frameworks */,
				B026419018A3FB4900012D04 /* Foundation.framework in Frameworks */,
			);
			runOnlyForDeploymentPostprocessing = 0;
		};
/* End PBXFrameworksBuildPhase section */

/* Begin PBXGroup section */
		7B5161531D2E047D00EF29B4 /* CoreData */ = {
			isa = PBXGroup;
			children = (
				7B5161541D2E047D00EF29B4 /* Firstdata.h */,
				7B5161551D2E047D00EF29B4 /* Firstdata.m */,
				7B5161561D2E047D00EF29B4 /* Model.xcdatamodeld */,
			);
			path = CoreData;
			sourceTree = "<group>";
		};
		7B51615A1D2E048300EF29B4 /* MagicalRecord */ = {
			isa = PBXGroup;
			children = (
				7B51615B1D2E048300EF29B4 /* Categories */,
				7B5161851D2E048300EF29B4 /* Core */,
				7B5161951D2E048300EF29B4 /* CoreData+MagicalRecord.h */,
			);
			path = MagicalRecord;
			sourceTree = "<group>";
		};
		7B51615B1D2E048300EF29B4 /* Categories */ = {
			isa = PBXGroup;
			children = (
				7B51615C1D2E048300EF29B4 /* DataImport */,
				7B51616B1D2E048300EF29B4 /* NSManagedObject */,
				7B5161761D2E048300EF29B4 /* NSManagedObjectContext */,
				7B51617F1D2E048300EF29B4 /* NSManagedObjectModel+MagicalRecord.h */,
				7B5161801D2E048300EF29B4 /* NSManagedObjectModel+MagicalRecord.m */,
				7B5161811D2E048300EF29B4 /* NSPersistentStore+MagicalRecord.h */,
				7B5161821D2E048300EF29B4 /* NSPersistentStore+MagicalRecord.m */,
				7B5161831D2E048300EF29B4 /* NSPersistentStoreCoordinator+MagicalRecord.h */,
				7B5161841D2E048300EF29B4 /* NSPersistentStoreCoordinator+MagicalRecord.m */,
			);
			path = Categories;
			sourceTree = "<group>";
		};
		7B51615C1D2E048300EF29B4 /* DataImport */ = {
			isa = PBXGroup;
			children = (
				7B51615D1D2E048300EF29B4 /* MagicalImportFunctions.h */,
				7B51615E1D2E048300EF29B4 /* MagicalImportFunctions.m */,
				7B51615F1D2E048300EF29B4 /* NSAttributeDescription+MagicalDataImport.h */,
				7B5161601D2E048300EF29B4 /* NSAttributeDescription+MagicalDataImport.m */,
				7B5161611D2E048300EF29B4 /* NSEntityDescription+MagicalDataImport.h */,
				7B5161621D2E048300EF29B4 /* NSEntityDescription+MagicalDataImport.m */,
				7B5161631D2E048300EF29B4 /* NSNumber+MagicalDataImport.h */,
				7B5161641D2E048300EF29B4 /* NSNumber+MagicalDataImport.m */,
				7B5161651D2E048300EF29B4 /* NSObject+MagicalDataImport.h */,
				7B5161661D2E048300EF29B4 /* NSObject+MagicalDataImport.m */,
				7B5161671D2E048300EF29B4 /* NSRelationshipDescription+MagicalDataImport.h */,
				7B5161681D2E048300EF29B4 /* NSRelationshipDescription+MagicalDataImport.m */,
				7B5161691D2E048300EF29B4 /* NSString+MagicalDataImport.h */,
				7B51616A1D2E048300EF29B4 /* NSString+MagicalDataImport.m */,
			);
			path = DataImport;
			sourceTree = "<group>";
		};
		7B51616B1D2E048300EF29B4 /* NSManagedObject */ = {
			isa = PBXGroup;
			children = (
				7B51616C1D2E048300EF29B4 /* NSManagedObject+MagicalAggregation.h */,
				7B51616D1D2E048300EF29B4 /* NSManagedObject+MagicalAggregation.m */,
				7B51616E1D2E048300EF29B4 /* NSManagedObject+MagicalDataImport.h */,
				7B51616F1D2E048300EF29B4 /* NSManagedObject+MagicalDataImport.m */,
				7B5161701D2E048300EF29B4 /* NSManagedObject+MagicalFinders.h */,
				7B5161711D2E048300EF29B4 /* NSManagedObject+MagicalFinders.m */,
				7B5161721D2E048300EF29B4 /* NSManagedObject+MagicalRecord.h */,
				7B5161731D2E048300EF29B4 /* NSManagedObject+MagicalRecord.m */,
				7B5161741D2E048300EF29B4 /* NSManagedObject+MagicalRequests.h */,
				7B5161751D2E048300EF29B4 /* NSManagedObject+MagicalRequests.m */,
			);
			path = NSManagedObject;
			sourceTree = "<group>";
		};
		7B5161761D2E048300EF29B4 /* NSManagedObjectContext */ = {
			isa = PBXGroup;
			children = (
				7B5161771D2E048300EF29B4 /* NSManagedObjectContext+MagicalObserving.h */,
				7B5161781D2E048300EF29B4 /* NSManagedObjectContext+MagicalObserving.m */,
				7B5161791D2E048300EF29B4 /* NSManagedObjectContext+MagicalRecord.h */,
				7B51617A1D2E048300EF29B4 /* NSManagedObjectContext+MagicalRecord.m */,
				7B51617B1D2E048300EF29B4 /* NSManagedObjectContext+MagicalSaves.h */,
				7B51617C1D2E048300EF29B4 /* NSManagedObjectContext+MagicalSaves.m */,
				7B51617D1D2E048300EF29B4 /* NSManagedObjectContext+MagicalThreading.h */,
				7B51617E1D2E048300EF29B4 /* NSManagedObjectContext+MagicalThreading.m */,
			);
			path = NSManagedObjectContext;
			sourceTree = "<group>";
		};
		7B5161851D2E048300EF29B4 /* Core */ = {
			isa = PBXGroup;
			children = (
				7B5161861D2E048300EF29B4 /* MagicalRecord+Actions.h */,
				7B5161871D2E048300EF29B4 /* MagicalRecord+Actions.m */,
				7B5161881D2E048300EF29B4 /* MagicalRecord+ErrorHandling.h */,
				7B5161891D2E048300EF29B4 /* MagicalRecord+ErrorHandling.m */,
				7B51618A1D2E048300EF29B4 /* MagicalRecord+iCloud.h */,
				7B51618B1D2E048300EF29B4 /* MagicalRecord+iCloud.m */,
				7B51618C1D2E048300EF29B4 /* MagicalRecord+Options.h */,
				7B51618D1D2E048300EF29B4 /* MagicalRecord+Options.m */,
				7B51618E1D2E048300EF29B4 /* MagicalRecord+Setup.h */,
				7B51618F1D2E048300EF29B4 /* MagicalRecord+Setup.m */,
				7B5161901D2E048300EF29B4 /* MagicalRecord+ShorthandSupport.h */,
				7B5161911D2E048300EF29B4 /* MagicalRecord+ShorthandSupport.m */,
				7B5161921D2E048300EF29B4 /* MagicalRecord.h */,
				7B5161931D2E048300EF29B4 /* MagicalRecord.m */,
				7B5161941D2E048300EF29B4 /* MagicalRecordShorthand.h */,
			);
			path = Core;
			sourceTree = "<group>";
		};
		B026416318A3FB4900012D04 = {
			isa = PBXGroup;
			children = (
				7B51615A1D2E048300EF29B4 /* MagicalRecord */,
				7B5161531D2E047D00EF29B4 /* CoreData */,
				B02641A418A3FB6100012D04 /* CSJTools */,
				B026417518A3FB4900012D04 /* CSJToolsDemo */,
				B026419418A3FB4900012D04 /* CSJToolsDemoTests */,
				B026416E18A3FB4900012D04 /* Frameworks */,
				B026416D18A3FB4900012D04 /* Products */,
			);
			sourceTree = "<group>";
		};
		B026416D18A3FB4900012D04 /* Products */ = {
			isa = PBXGroup;
			children = (
				B026416C18A3FB4900012D04 /* CSJToolsDemo.app */,
				B026418D18A3FB4900012D04 /* CSJToolsDemoTests.xctest */,
			);
			name = Products;
			sourceTree = "<group>";
		};
		B026416E18A3FB4900012D04 /* Frameworks */ = {
			isa = PBXGroup;
			children = (
				B0F0551B193B3B1F00835E42 /* CoreData.framework */,
				B026416F18A3FB4900012D04 /* Foundation.framework */,
				B026417118A3FB4900012D04 /* CoreGraphics.framework */,
				B026417318A3FB4900012D04 /* UIKit.framework */,
				B026418E18A3FB4900012D04 /* XCTest.framework */,
			);
			name = Frameworks;
			sourceTree = "<group>";
		};
		B026417518A3FB4900012D04 /* CSJToolsDemo */ = {
			isa = PBXGroup;
			children = (
				B026417E18A3FB4900012D04 /* AppDelegate.h */,
				B026417F18A3FB4900012D04 /* AppDelegate.m */,
				B026418118A3FB4900012D04 /* Main.storyboard */,
				B0F05524193B3FD100835E42 /* FirstViewController.h */,
				B0F05525193B3FD100835E42 /* FirstViewController.m */,
				B00D74DF18B9072A00BA3BD9 /* SecondViewController.h */,
				B00D74E018B9072A00BA3BD9 /* SecondViewController.m */,
				B026418418A3FB4900012D04 /* ViewController.h */,
				B026418518A3FB4900012D04 /* ViewController.m */,
				B026418718A3FB4900012D04 /* Images.xcassets */,
				B026417618A3FB4900012D04 /* Supporting Files */,
			);
			path = CSJToolsDemo;
			sourceTree = "<group>";
		};
		B026417618A3FB4900012D04 /* Supporting Files */ = {
			isa = PBXGroup;
			children = (
				B026417718A3FB4900012D04 /* CSJToolsDemo-Info.plist */,
				B026417818A3FB4900012D04 /* InfoPlist.strings */,
				B026417B18A3FB4900012D04 /* main.m */,
				B026417D18A3FB4900012D04 /* CSJToolsDemo-Prefix.pch */,
			);
			name = "Supporting Files";
			sourceTree = "<group>";
		};
		B026419418A3FB4900012D04 /* CSJToolsDemoTests */ = {
			isa = PBXGroup;
			children = (
				B026419A18A3FB4900012D04 /* CSJToolsDemoTests.m */,
				B026419518A3FB4900012D04 /* Supporting Files */,
			);
			path = CSJToolsDemoTests;
			sourceTree = "<group>";
		};
		B026419518A3FB4900012D04 /* Supporting Files */ = {
			isa = PBXGroup;
			children = (
				B026419618A3FB4900012D04 /* CSJToolsDemoTests-Info.plist */,
				B026419718A3FB4900012D04 /* InfoPlist.strings */,
			);
			name = "Supporting Files";
			sourceTree = "<group>";
		};
		B02641A418A3FB6100012D04 /* CSJTools */ = {
			isa = PBXGroup;
			children = (
				B0A6AF6D1D2E2F31005479D3 /* Reachability.h */,
				B0A6AF6E1D2E2F31005479D3 /* Reachability.m */,
				B070134C18A514A300FACF7D /* CSJMaster.h */,
				B070134B18A514A300FACF7D /* CSJLog.h */,
				7B5161B01D2E057100EF29B4 /* NSString+CSJSSLTool.h */,
				7B5161B11D2E057100EF29B4 /* NSString+CSJSSLTool.m */,
				B070134518A514A300FACF7D /* CSJBase64.h */,
				B070134618A514A300FACF7D /* CSJBase64.m */,
				B070134718A514A300FACF7D /* CSJDate.h */,
				B070134818A514A300FACF7D /* CSJDate.m */,
				B070134918A514A300FACF7D /* CSJDES.h */,
				B070134A18A514A300FACF7D /* CSJDES.m */,
				B070134D18A514A300FACF7D /* CSJMD5.h */,
				B070134E18A514A300FACF7D /* CSJMD5.m */,
				B070134F18A514A300FACF7D /* CSJString.h */,
				B070135018A514A300FACF7D /* CSJString.m */,
				B070135118A514A300FACF7D /* CSJURL.h */,
				B070135218A514A300FACF7D /* CSJURL.m */,
				B0DCB94D18C1A20600A237A2 /* CSJToolKit.h */,
				B0DCB94E18C1A20600A237A2 /* CSJToolKit.m */,
				B00D74DC18B8F3CD00BA3BD9 /* CSJ_NavGestureViewController.h */,
				B00D74DD18B8F3CD00BA3BD9 /* CSJ_NavGestureViewController.m */,
				B00D74D918B8F0C500BA3BD9 /* CSJ_CoredataTableViewController.h */,
				B00D74DA18B8F0C500BA3BD9 /* CSJ_CoredataTableViewController.m */,
			);
			path = CSJTools;
			sourceTree = "<group>";
		};
/* End PBXGroup section */

/* Begin PBXNativeTarget section */
		B026416B18A3FB4900012D04 /* CSJToolsDemo */ = {
			isa = PBXNativeTarget;
			buildConfigurationList = B026419E18A3FB4900012D04 /* Build configuration list for PBXNativeTarget "CSJToolsDemo" */;
			buildPhases = (
				B026416818A3FB4900012D04 /* Sources */,
				B026416918A3FB4900012D04 /* Frameworks */,
				B026416A18A3FB4900012D04 /* Resources */,
			);
			buildRules = (
			);
			dependencies = (
			);
			name = CSJToolsDemo;
			productName = CSJToolsDemo;
			productReference = B026416C18A3FB4900012D04 /* CSJToolsDemo.app */;
			productType = "com.apple.product-type.application";
		};
		B026418C18A3FB4900012D04 /* CSJToolsDemoTests */ = {
			isa = PBXNativeTarget;
			buildConfigurationList = B02641A118A3FB4900012D04 /* Build configuration list for PBXNativeTarget "CSJToolsDemoTests" */;
			buildPhases = (
				B026418918A3FB4900012D04 /* Sources */,
				B026418A18A3FB4900012D04 /* Frameworks */,
				B026418B18A3FB4900012D04 /* Resources */,
			);
			buildRules = (
			);
			dependencies = (
				B026419318A3FB4900012D04 /* PBXTargetDependency */,
			);
			name = CSJToolsDemoTests;
			productName = CSJToolsDemoTests;
			productReference = B026418D18A3FB4900012D04 /* CSJToolsDemoTests.xctest */;
			productType = "com.apple.product-type.bundle.unit-test";
		};
/* End PBXNativeTarget section */

/* Begin PBXProject section */
		B026416418A3FB4900012D04 /* Project object */ = {
			isa = PBXProject;
			attributes = {
				LastUpgradeCheck = 0500;
				ORGANIZATIONNAME = "曹 盛杰";
				TargetAttributes = {
					B026418C18A3FB4900012D04 = {
						TestTargetID = B026416B18A3FB4900012D04;
					};
				};
			};
			buildConfigurationList = B026416718A3FB4900012D04 /* Build configuration list for PBXProject "CSJToolsDemo" */;
			compatibilityVersion = "Xcode 3.2";
			developmentRegion = English;
			hasScannedForEncodings = 0;
			knownRegions = (
				en,
				Base,
			);
			mainGroup = B026416318A3FB4900012D04;
			productRefGroup = B026416D18A3FB4900012D04 /* Products */;
			projectDirPath = "";
			projectRoot = "";
			targets = (
				B026416B18A3FB4900012D04 /* CSJToolsDemo */,
				B026418C18A3FB4900012D04 /* CSJToolsDemoTests */,
			);
		};
/* End PBXProject section */

/* Begin PBXResourcesBuildPhase section */
		B026416A18A3FB4900012D04 /* Resources */ = {
			isa = PBXResourcesBuildPhase;
			buildActionMask = 2147483647;
			files = (
				B026418818A3FB4900012D04 /* Images.xcassets in Resources */,
				B026417A18A3FB4900012D04 /* InfoPlist.strings in Resources */,
				B026418318A3FB4900012D04 /* Main.storyboard in Resources */,
			);
			runOnlyForDeploymentPostprocessing = 0;
		};
		B026418B18A3FB4900012D04 /* Resources */ = {
			isa = PBXResourcesBuildPhase;
			buildActionMask = 2147483647;
			files = (
				B026419918A3FB4900012D04 /* InfoPlist.strings in Resources */,
			);
			runOnlyForDeploymentPostprocessing = 0;
		};
/* End PBXResourcesBuildPhase section */

/* Begin PBXSourcesBuildPhase section */
		B026416818A3FB4900012D04 /* Sources */ = {
			isa = PBXSourcesBuildPhase;
			buildActionMask = 2147483647;
			files = (
				7B5161A41D2E048300EF29B4 /* NSManagedObjectContext+MagicalSaves.m in Sources */,
				7B5161B21D2E057100EF29B4 /* NSString+CSJSSLTool.m in Sources */,
				7B5161AB1D2E048300EF29B4 /* MagicalRecord+iCloud.m in Sources */,
				B00D74E118B9072A00BA3BD9 /* SecondViewController.m in Sources */,
				7B5161AF1D2E048300EF29B4 /* MagicalRecord.m in Sources */,
				B026418618A3FB4900012D04 /* ViewController.m in Sources */,
				B070135418A514A300FACF7D /* CSJDate.m in Sources */,
				7B5161A31D2E048300EF29B4 /* NSManagedObjectContext+MagicalRecord.m in Sources */,
				B0DCB94F18C1A20600A237A2 /* CSJToolKit.m in Sources */,
				7B51619A1D2E048300EF29B4 /* NSObject+MagicalDataImport.m in Sources */,
				B026418018A3FB4900012D04 /* AppDelegate.m in Sources */,
				7B5161A21D2E048300EF29B4 /* NSManagedObjectContext+MagicalObserving.m in Sources */,
				7B5161AE1D2E048300EF29B4 /* MagicalRecord+ShorthandSupport.m in Sources */,
				7B5161A51D2E048300EF29B4 /* NSManagedObjectContext+MagicalThreading.m in Sources */,
				B0A6AF6F1D2E2F31005479D3 /* Reachability.m in Sources */,
				7B51619E1D2E048300EF29B4 /* NSManagedObject+MagicalDataImport.m in Sources */,
				7B5161A91D2E048300EF29B4 /* MagicalRecord+Actions.m in Sources */,
				7B5161591D2E047D00EF29B4 /* Model.xcdatamodeld in Sources */,
				7B5161581D2E047D00EF29B4 /* Firstdata.m in Sources */,
				B070135618A514A300FACF7D /* CSJMD5.m in Sources */,
				B070135518A514A300FACF7D /* CSJDES.m in Sources */,
				7B51619C1D2E048300EF29B4 /* NSString+MagicalDataImport.m in Sources */,
				7B51619D1D2E048300EF29B4 /* NSManagedObject+MagicalAggregation.m in Sources */,
				B00D74DE18B8F3CD00BA3BD9 /* CSJ_NavGestureViewController.m in Sources */,
				B070135818A514A300FACF7D /* CSJURL.m in Sources */,
				7B5161AD1D2E048300EF29B4 /* MagicalRecord+Setup.m in Sources */,
				B070135718A514A300FACF7D /* CSJString.m in Sources */,
				7B5161A11D2E048300EF29B4 /* NSManagedObject+MagicalRequests.m in Sources */,
				7B5161971D2E048300EF29B4 /* NSAttributeDescription+MagicalDataImport.m in Sources */,
				B026417C18A3FB4900012D04 /* main.m in Sources */,
				7B5161AA1D2E048300EF29B4 /* MagicalRecord+ErrorHandling.m in Sources */,
				7B51619F1D2E048300EF29B4 /* NSManagedObject+MagicalFinders.m in Sources */,
				7B5161981D2E048300EF29B4 /* NSEntityDescription+MagicalDataImport.m in Sources */,
				7B5161A01D2E048300EF29B4 /* NSManagedObject+MagicalRecord.m in Sources */,
				B0F05526193B3FD100835E42 /* FirstViewController.m in Sources */,
				7B5161A71D2E048300EF29B4 /* NSPersistentStore+MagicalRecord.m in Sources */,
				7B5161961D2E048300EF29B4 /* MagicalImportFunctions.m in Sources */,
				7B5161A61D2E048300EF29B4 /* NSManagedObjectModel+MagicalRecord.m in Sources */,
				7B5161A81D2E048300EF29B4 /* NSPersistentStoreCoordinator+MagicalRecord.m in Sources */,
				B070135318A514A300FACF7D /* CSJBase64.m in Sources */,
				7B51619B1D2E048300EF29B4 /* NSRelationshipDescription+MagicalDataImport.m in Sources */,
				B00D74DB18B8F0C500BA3BD9 /* CSJ_CoredataTableViewController.m in Sources */,
				7B5161991D2E048300EF29B4 /* NSNumber+MagicalDataImport.m in Sources */,
				7B5161AC1D2E048300EF29B4 /* MagicalRecord+Options.m in Sources */,
			);
			runOnlyForDeploymentPostprocessing = 0;
		};
		B026418918A3FB4900012D04 /* Sources */ = {
			isa = PBXSourcesBuildPhase;
			buildActionMask = 2147483647;
			files = (
				B026419B18A3FB4900012D04 /* CSJToolsDemoTests.m in Sources */,
			);
			runOnlyForDeploymentPostprocessing = 0;
		};
/* End PBXSourcesBuildPhase section */

/* Begin PBXTargetDependency section */
		B026419318A3FB4900012D04 /* PBXTargetDependency */ = {
			isa = PBXTargetDependency;
			target = B026416B18A3FB4900012D04 /* CSJToolsDemo */;
			targetProxy = B026419218A3FB4900012D04 /* PBXContainerItemProxy */;
		};
/* End PBXTargetDependency section */

/* Begin PBXVariantGroup section */
		B026417818A3FB4900012D04 /* InfoPlist.strings */ = {
			isa = PBXVariantGroup;
			children = (
				B026417918A3FB4900012D04 /* en */,
			);
			name = InfoPlist.strings;
			sourceTree = "<group>";
		};
		B026418118A3FB4900012D04 /* Main.storyboard */ = {
			isa = PBXVariantGroup;
			children = (
				B026418218A3FB4900012D04 /* Base */,
			);
			name = Main.storyboard;
			sourceTree = "<group>";
		};
		B026419718A3FB4900012D04 /* InfoPlist.strings */ = {
			isa = PBXVariantGroup;
			children = (
				B026419818A3FB4900012D04 /* en */,
			);
			name = InfoPlist.strings;
			sourceTree = "<group>";
		};
/* End PBXVariantGroup section */

/* Begin XCBuildConfiguration section */
		B026419C18A3FB4900012D04 /* Debug */ = {
			isa = XCBuildConfiguration;
			buildSettings = {
				ALWAYS_SEARCH_USER_PATHS = NO;
				ARCHS = "$(ARCHS_STANDARD_INCLUDING_64_BIT)";
				CLANG_CXX_LANGUAGE_STANDARD = "gnu++0x";
				CLANG_CXX_LIBRARY = "libc++";
				CLANG_ENABLE_MODULES = YES;
				CLANG_ENABLE_OBJC_ARC = YES;
				CLANG_WARN_BOOL_CONVERSION = YES;
				CLANG_WARN_CONSTANT_CONVERSION = YES;
				CLANG_WARN_DIRECT_OBJC_ISA_USAGE = YES_ERROR;
				CLANG_WARN_EMPTY_BODY = YES;
				CLANG_WARN_ENUM_CONVERSION = YES;
				CLANG_WARN_INT_CONVERSION = YES;
				CLANG_WARN_OBJC_ROOT_CLASS = YES_ERROR;
				CLANG_WARN__DUPLICATE_METHOD_MATCH = YES;
				"CODE_SIGN_IDENTITY[sdk=iphoneos*]" = "iPhone Developer";
				COPY_PHASE_STRIP = NO;
				GCC_C_LANGUAGE_STANDARD = gnu99;
				GCC_DYNAMIC_NO_PIC = NO;
				GCC_OPTIMIZATION_LEVEL = 0;
				GCC_PREPROCESSOR_DEFINITIONS = (
					"DEBUG=1",
					"$(inherited)",
				);
				GCC_SYMBOLS_PRIVATE_EXTERN = NO;
				GCC_WARN_64_TO_32_BIT_CONVERSION = YES;
				GCC_WARN_ABOUT_RETURN_TYPE = YES_ERROR;
				GCC_WARN_UNDECLARED_SELECTOR = YES;
				GCC_WARN_UNINITIALIZED_AUTOS = YES;
				GCC_WARN_UNUSED_FUNCTION = YES;
				GCC_WARN_UNUSED_VARIABLE = YES;
				IPHONEOS_DEPLOYMENT_TARGET = 7.0;
				ONLY_ACTIVE_ARCH = YES;
				SDKROOT = iphoneos;
			};
			name = Debug;
		};
		B026419D18A3FB4900012D04 /* Release */ = {
			isa = XCBuildConfiguration;
			buildSettings = {
				ALWAYS_SEARCH_USER_PATHS = NO;
				ARCHS = "$(ARCHS_STANDARD_INCLUDING_64_BIT)";
				CLANG_CXX_LANGUAGE_STANDARD = "gnu++0x";
				CLANG_CXX_LIBRARY = "libc++";
				CLANG_ENABLE_MODULES = YES;
				CLANG_ENABLE_OBJC_ARC = YES;
				CLANG_WARN_BOOL_CONVERSION = YES;
				CLANG_WARN_CONSTANT_CONVERSION = YES;
				CLANG_WARN_DIRECT_OBJC_ISA_USAGE = YES_ERROR;
				CLANG_WARN_EMPTY_BODY = YES;
				CLANG_WARN_ENUM_CONVERSION = YES;
				CLANG_WARN_INT_CONVERSION = YES;
				CLANG_WARN_OBJC_ROOT_CLASS = YES_ERROR;
				CLANG_WARN__DUPLICATE_METHOD_MATCH = YES;
				"CODE_SIGN_IDENTITY[sdk=iphoneos*]" = "iPhone Developer";
				COPY_PHASE_STRIP = YES;
				ENABLE_NS_ASSERTIONS = NO;
				GCC_C_LANGUAGE_STANDARD = gnu99;
				GCC_WARN_64_TO_32_BIT_CONVERSION = YES;
				GCC_WARN_ABOUT_RETURN_TYPE = YES_ERROR;
				GCC_WARN_UNDECLARED_SELECTOR = YES;
				GCC_WARN_UNINITIALIZED_AUTOS = YES;
				GCC_WARN_UNUSED_FUNCTION = YES;
				GCC_WARN_UNUSED_VARIABLE = YES;
				IPHONEOS_DEPLOYMENT_TARGET = 7.0;
				SDKROOT = iphoneos;
				VALIDATE_PRODUCT = YES;
			};
			name = Release;
		};
		B026419F18A3FB4900012D04 /* Debug */ = {
			isa = XCBuildConfiguration;
			buildSettings = {
				ASSETCATALOG_COMPILER_APPICON_NAME = AppIcon;
				ASSETCATALOG_COMPILER_LAUNCHIMAGE_NAME = LaunchImage;
				CODE_SIGN_IDENTITY = "iPhone Developer";
				GCC_PRECOMPILE_PREFIX_HEADER = YES;
				GCC_PREFIX_HEADER = "CSJToolsDemo/CSJToolsDemo-Prefix.pch";
				INFOPLIST_FILE = "CSJToolsDemo/CSJToolsDemo-Info.plist";
				IPHONEOS_DEPLOYMENT_TARGET = 7.0;
				PRODUCT_NAME = "$(TARGET_NAME)";
				WRAPPER_EXTENSION = app;
			};
			name = Debug;
		};
		B02641A018A3FB4900012D04 /* Release */ = {
			isa = XCBuildConfiguration;
			buildSettings = {
				ASSETCATALOG_COMPILER_APPICON_NAME = AppIcon;
				ASSETCATALOG_COMPILER_LAUNCHIMAGE_NAME = LaunchImage;
				CODE_SIGN_IDENTITY = "iPhone Developer";
				GCC_PRECOMPILE_PREFIX_HEADER = YES;
				GCC_PREFIX_HEADER = "CSJToolsDemo/CSJToolsDemo-Prefix.pch";
				INFOPLIST_FILE = "CSJToolsDemo/CSJToolsDemo-Info.plist";
				IPHONEOS_DEPLOYMENT_TARGET = 7.0;
				PRODUCT_NAME = "$(TARGET_NAME)";
				WRAPPER_EXTENSION = app;
			};
			name = Release;
		};
		B02641A218A3FB4900012D04 /* Debug */ = {
			isa = XCBuildConfiguration;
			buildSettings = {
				ARCHS = "$(ARCHS_STANDARD_INCLUDING_64_BIT)";
				BUNDLE_LOADER = "$(BUILT_PRODUCTS_DIR)/CSJToolsDemo.app/CSJToolsDemo";
				FRAMEWORK_SEARCH_PATHS = (
					"$(SDKROOT)/Developer/Library/Frameworks",
					"$(inherited)",
					"$(DEVELOPER_FRAMEWORKS_DIR)",
				);
				GCC_PRECOMPILE_PREFIX_HEADER = YES;
				GCC_PREFIX_HEADER = "CSJToolsDemo/CSJToolsDemo-Prefix.pch";
				GCC_PREPROCESSOR_DEFINITIONS = (
					"DEBUG=1",
					"$(inherited)",
				);
				INFOPLIST_FILE = "CSJToolsDemoTests/CSJToolsDemoTests-Info.plist";
				PRODUCT_NAME = "$(TARGET_NAME)";
				TEST_HOST = "$(BUNDLE_LOADER)";
				WRAPPER_EXTENSION = xctest;
			};
			name = Debug;
		};
		B02641A318A3FB4900012D04 /* Release */ = {
			isa = XCBuildConfiguration;
			buildSettings = {
				ARCHS = "$(ARCHS_STANDARD_INCLUDING_64_BIT)";
				BUNDLE_LOADER = "$(BUILT_PRODUCTS_DIR)/CSJToolsDemo.app/CSJToolsDemo";
				FRAMEWORK_SEARCH_PATHS = (
					"$(SDKROOT)/Developer/Library/Frameworks",
					"$(inherited)",
					"$(DEVELOPER_FRAMEWORKS_DIR)",
				);
				GCC_PRECOMPILE_PREFIX_HEADER = YES;
				GCC_PREFIX_HEADER = "CSJToolsDemo/CSJToolsDemo-Prefix.pch";
				INFOPLIST_FILE = "CSJToolsDemoTests/CSJToolsDemoTests-Info.plist";
				PRODUCT_NAME = "$(TARGET_NAME)";
				TEST_HOST = "$(BUNDLE_LOADER)";
				WRAPPER_EXTENSION = xctest;
			};
			name = Release;
		};
/* End XCBuildConfiguration section */

/* Begin XCConfigurationList section */
		B026416718A3FB4900012D04 /* Build configuration list for PBXProject "CSJToolsDemo" */ = {
			isa = XCConfigurationList;
			buildConfigurations = (
				B026419C18A3FB4900012D04 /* Debug */,
				B026419D18A3FB4900012D04 /* Release */,
			);
			defaultConfigurationIsVisible = 0;
			defaultConfigurationName = Release;
		};
		B026419E18A3FB4900012D04 /* Build configuration list for PBXNativeTarget "CSJToolsDemo" */ = {
			isa = XCConfigurationList;
			buildConfigurations = (
				B026419F18A3FB4900012D04 /* Debug */,
				B02641A018A3FB4900012D04 /* Release */,
			);
			defaultConfigurationIsVisible = 0;
			defaultConfigurationName = Release;
		};
		B02641A118A3FB4900012D04 /* Build configuration list for PBXNativeTarget "CSJToolsDemoTests" */ = {
			isa = XCConfigurationList;
			buildConfigurations = (
				B02641A218A3FB4900012D04 /* Debug */,
				B02641A318A3FB4900012D04 /* Release */,
			);
			defaultConfigurationIsVisible = 0;
			defaultConfigurationName = Release;
		};
/* End XCConfigurationList section */

/* Begin XCVersionGroup section */
		7B5161561D2E047D00EF29B4 /* Model.xcdatamodeld */ = {
			isa = XCVersionGroup;
			children = (
				7B5161571D2E047D00EF29B4 /* Model.xcdatamodel */,
			);
			currentVersion = 7B5161571D2E047D00EF29B4 /* Model.xcdatamodel */;
			path = Model.xcdatamodeld;
			sourceTree = "<group>";
			versionGroupType = wrapper.xcdatamodel;
		};
/* End XCVersionGroup section */
	};
	rootObject = B026416418A3FB4900012D04 /* Project object */;
}
